
Microsoft Visual Studio Solution File, Format Version 12.00
# Visual Studio Version 17
VisualStudioVersion = 17.1.32210.238
MinimumVisualStudioVersion = 10.0.40219.1
Project("{9A19103F-16F7-4668-BE54-9A1E7A4F7556}") = "OPENGL_IN_SDL", "OPENGL_IN_SDL\OPENGL_IN_SDL.csproj", "{F51C78BF-B01B-4BB3-9F89-710737D45190}"
EndProject
Global
	GlobalSection(SolutionConfigurationPlatforms) = preSolution
		Debug|x64 = Debug|x64
		Debug|x86 = Debug|x86
		Release|x64 = Release|x64
		Release|x86 = Release|x86
	EndGlobalSection
	GlobalSection(ProjectConfigurationPlatforms) = postSolution
		{F51C78BF-B01B-4BB3-9F89-710737D45190}.Debug|x64.ActiveCfg = Debug|x64
		{F51C78BF-B01B-4BB3-9F89-710737D45190}.Debug|x64.Build.0 = Debug|x64
		{F51C78BF-B01B-4BB3-9F89-710737D45190}.Debug|x86.ActiveCfg = Debug|x86
		{F51C78BF-B01B-4BB3-9F89-710737D45190}.Debug|x86.Build.0 = Debug|x86
		{F51C78BF-B01B-4BB3-9F89-710737D45190}.Release|x64.ActiveCfg = Release|x64
		{F51C78BF-B01B-4BB3-9F89-710737D45190}.Release|x64.Build.0 = Release|x64
		{F51C78BF-B01B-4BB3-9F89-710737D45190}.Release|x86.ActiveCfg = Release|x86
		{F51C78BF-B01B-4BB3-9F89-710737D45190}.Release|x86.Build.0 = Release|x86
	EndGlobalSection
	GlobalSection(SolutionProperties) = preSolution
		HideSolutionNode = FALSE
	EndGlobalSection
	GlobalSection(ExtensibilityGlobals) = postSolution
		SolutionGuid = {932BF039-2496-492F-B4A6-51D5712EAD1C}
	EndGlobalSection
EndGlobal
