
Microsoft Visual Studio Solution File, Format Version 12.00
# Visual Studio Version 17
VisualStudioVersion = 17.1.32407.343
MinimumVisualStudioVersion = 10.0.40219.1
Project("{9A19103F-16F7-4668-BE54-9A1E7A4F7556}") = "SDL-Sharp", "SDL-Sharp\SDL-Sharp.csproj", "{24E60482-4AE7-4228-9E4A-80D9F27B2774}"
EndProject
Project("{2150E333-8FDC-42A3-9474-1A3956D46DE8}") = "Exemples", "Exemples", "{9897E8C8-C981-449B-8B64-620A643A06F3}"
EndProject
Project("{9A19103F-16F7-4668-BE54-9A1E7A4F7556}") = "SDL_OPENGL", "Exemples\SDL_OPENGL\SDL_OPENGL.csproj", "{14659621-B137-4135-9430-1CF8A5D9BA03}"
EndProject
Project("{9A19103F-16F7-4668-BE54-9A1E7A4F7556}") = "SDL_EXTENSIONS", "Exemples\SDL_EXTENSIONS\SDL_EXTENSIONS.csproj", "{32701B85-63CC-43B9-BA2C-4CBAF212EA1C}"
EndProject
Global
	GlobalSection(SolutionConfigurationPlatforms) = preSolution
		Debug|Any CPU = Debug|Any CPU
		Debug|x64 = Debug|x64
		Debug|x86 = Debug|x86
		Release|Any CPU = Release|Any CPU
		Release|x64 = Release|x64
		Release|x86 = Release|x86
	EndGlobalSection
	GlobalSection(ProjectConfigurationPlatforms) = postSolution
		{24E60482-4AE7-4228-9E4A-80D9F27B2774}.Debug|Any CPU.ActiveCfg = Debug|Any CPU
		{24E60482-4AE7-4228-9E4A-80D9F27B2774}.Debug|Any CPU.Build.0 = Debug|Any CPU
		{24E60482-4AE7-4228-9E4A-80D9F27B2774}.Debug|x64.ActiveCfg = Debug|x64
		{24E60482-4AE7-4228-9E4A-80D9F27B2774}.Debug|x64.Build.0 = Debug|x64
		{24E60482-4AE7-4228-9E4A-80D9F27B2774}.Debug|x86.ActiveCfg = Debug|x86
		{24E60482-4AE7-4228-9E4A-80D9F27B2774}.Debug|x86.Build.0 = Debug|x86
		{24E60482-4AE7-4228-9E4A-80D9F27B2774}.Release|Any CPU.ActiveCfg = Release|Any CPU
		{24E60482-4AE7-4228-9E4A-80D9F27B2774}.Release|Any CPU.Build.0 = Release|Any CPU
		{24E60482-4AE7-4228-9E4A-80D9F27B2774}.Release|x64.ActiveCfg = Release|x64
		{24E60482-4AE7-4228-9E4A-80D9F27B2774}.Release|x64.Build.0 = Release|x64
		{24E60482-4AE7-4228-9E4A-80D9F27B2774}.Release|x86.ActiveCfg = Release|x86
		{24E60482-4AE7-4228-9E4A-80D9F27B2774}.Release|x86.Build.0 = Release|x86
		{14659621-B137-4135-9430-1CF8A5D9BA03}.Debug|Any CPU.ActiveCfg = Debug|Any CPU
		{14659621-B137-4135-9430-1CF8A5D9BA03}.Debug|Any CPU.Build.0 = Debug|Any CPU
		{14659621-B137-4135-9430-1CF8A5D9BA03}.Debug|x64.ActiveCfg = Debug|Any CPU
		{14659621-B137-4135-9430-1CF8A5D9BA03}.Debug|x64.Build.0 = Debug|Any CPU
		{14659621-B137-4135-9430-1CF8A5D9BA03}.Debug|x86.ActiveCfg = Debug|Any CPU
		{14659621-B137-4135-9430-1CF8A5D9BA03}.Debug|x86.Build.0 = Debug|Any CPU
		{14659621-B137-4135-9430-1CF8A5D9BA03}.Release|Any CPU.ActiveCfg = Release|Any CPU
		{14659621-B137-4135-9430-1CF8A5D9BA03}.Release|Any CPU.Build.0 = Release|Any CPU
		{14659621-B137-4135-9430-1CF8A5D9BA03}.Release|x64.ActiveCfg = Release|Any CPU
		{14659621-B137-4135-9430-1CF8A5D9BA03}.Release|x64.Build.0 = Release|Any CPU
		{14659621-B137-4135-9430-1CF8A5D9BA03}.Release|x86.ActiveCfg = Release|Any CPU
		{14659621-B137-4135-9430-1CF8A5D9BA03}.Release|x86.Build.0 = Release|Any CPU
		{32701B85-63CC-43B9-BA2C-4CBAF212EA1C}.Debug|Any CPU.ActiveCfg = Debug|x64
		{32701B85-63CC-43B9-BA2C-4CBAF212EA1C}.Debug|Any CPU.Build.0 = Debug|x64
		{32701B85-63CC-43B9-BA2C-4CBAF212EA1C}.Debug|x64.ActiveCfg = Debug|x64
		{32701B85-63CC-43B9-BA2C-4CBAF212EA1C}.Debug|x64.Build.0 = Debug|x64
		{32701B85-63CC-43B9-BA2C-4CBAF212EA1C}.Debug|x86.ActiveCfg = Debug|x86
		{32701B85-63CC-43B9-BA2C-4CBAF212EA1C}.Debug|x86.Build.0 = Debug|x86
		{32701B85-63CC-43B9-BA2C-4CBAF212EA1C}.Release|Any CPU.ActiveCfg = Release|x64
		{32701B85-63CC-43B9-BA2C-4CBAF212EA1C}.Release|Any CPU.Build.0 = Release|x64
		{32701B85-63CC-43B9-BA2C-4CBAF212EA1C}.Release|x64.ActiveCfg = Release|x64
		{32701B85-63CC-43B9-BA2C-4CBAF212EA1C}.Release|x64.Build.0 = Release|x64
		{32701B85-63CC-43B9-BA2C-4CBAF212EA1C}.Release|x86.ActiveCfg = Release|x86
		{32701B85-63CC-43B9-BA2C-4CBAF212EA1C}.Release|x86.Build.0 = Release|x86
	EndGlobalSection
	GlobalSection(SolutionProperties) = preSolution
		HideSolutionNode = FALSE
	EndGlobalSection
	GlobalSection(NestedProjects) = preSolution
		{14659621-B137-4135-9430-1CF8A5D9BA03} = {9897E8C8-C981-449B-8B64-620A643A06F3}
		{32701B85-63CC-43B9-BA2C-4CBAF212EA1C} = {9897E8C8-C981-449B-8B64-620A643A06F3}
	EndGlobalSection
	GlobalSection(ExtensibilityGlobals) = postSolution
		SolutionGuid = {5C3213EF-0918-45B7-A849-5C0B0A163C54}
	EndGlobalSection
EndGlobal
